PODS:
  - GoogleAds-IMA-iOS-SDK (3.14.3)
  - Mux-Stats-AVPlayer (2.8.0):
    - Mux-Stats-Core (~> 3.6)
  - Mux-Stats-Core (3.7.0)
  - Mux-Stats-Google-IMA (0.6.0):
    - GoogleAds-IMA-iOS-SDK (~> 3.13)
    - GoogleAds-IMA-tvOS-SDK (~> 4.3)
    - Mux-Stats-AVPlayer (~> 2.0)

DEPENDENCIES:
  - GoogleAds-IMA-iOS-SDK (~> 3.14)
  - Mux-Stats-AVPlayer (from `../../`)
  - Mux-Stats-Core (from `https://github.com/muxinc/stats-sdk-objc.git`, branch `release/3.7.0`)
  - Mux-Stats-Google-IMA (~> 0.6)

SPEC REPOS:
  trunk:
    - GoogleAds-IMA-iOS-SDK
    - Mux-Stats-Google-IMA

EXTERNAL SOURCES:
  Mux-Stats-AVPlayer:
    :path: "../../"
  Mux-Stats-Core:
    :branch: release/3.7.0
    :git: https://github.com/muxinc/stats-sdk-objc.git

CHECKOUT OPTIONS:
  Mux-Stats-Core:
    :commit: 422e9d093fb01151f52fc614ee1b40ba342babfd
    :git: https://github.com/muxinc/stats-sdk-objc.git

SPEC CHECKSUMS:
  GoogleAds-IMA-iOS-SDK: 2a9b7b14bda4993306f05287f952dce41b5be4ad
  Mux-Stats-AVPlayer: 00770b3ae96414186d96918176a4e432717adc0c
  Mux-Stats-Core: 43f9bef6f8705bc304d7269240ae212165ef46a7
  Mux-Stats-Google-IMA: 688a43ff921bd467f92072479af0160ec9090e0b

PODFILE CHECKSUM: 6205122f000f29c0856c312ae72369675e3ace3f

COCOAPODS: 1.11.2
