PODS:
  - Mux-Stats-Core (3.2.1)

DEPENDENCIES:
  - Mux-Stats-Core (from `https://github.com/muxinc/stats-sdk-objc.git`, branch `nidhik/remove-uikit`)

EXTERNAL SOURCES:
  Mux-Stats-Core:
    :branch: nidhik/remove-uikit
    :git: https://github.com/muxinc/stats-sdk-objc.git

CHECKOUT OPTIONS:
  Mux-Stats-Core:
    :commit: 8992cce2cae3a9147b42237023e362e091f30e1e
    :git: https://github.com/muxinc/stats-sdk-objc.git

SPEC CHECKSUMS:
  Mux-Stats-Core: d704ed64f28256ed833a749c907d7d44a248b4f0

PODFILE CHECKSUM: 294f97f8481dd98c2d9559106f00051f7ccddc86

COCOAPODS: 1.10.1
